
Microsoft Visual Studio Solution File, Format Version 12.00
# Visual Studio 2012
Project("{F184B08F-C81C-45F6-A57F-5ABD9991F28F}") = "TesteEnvioEmail", "TesteEnvioEmail\TesteEnvioEmail.vbproj", "{BEE3694E-5D17-4ABA-9E4D-1EE66CA9B9E3}"
EndProject
Global
	GlobalSection(SolutionConfigurationPlatforms) = preSolution
		Debug|Any CPU = Debug|Any CPU
		Release|Any CPU = Release|Any CPU
	EndGlobalSection
	GlobalSection(ProjectConfigurationPlatforms) = postSolution
		{BEE3694E-5D17-4ABA-9E4D-1EE66CA9B9E3}.Debug|Any CPU.ActiveCfg = Debug|Any CPU
		{BEE3694E-5D17-4ABA-9E4D-1EE66CA9B9E3}.Debug|Any CPU.Build.0 = Debug|Any CPU
		{BEE3694E-5D17-4ABA-9E4D-1EE66CA9B9E3}.Release|Any CPU.ActiveCfg = Release|Any CPU
		{BEE3694E-5D17-4ABA-9E4D-1EE66CA9B9E3}.Release|Any CPU.Build.0 = Release|Any CPU
	EndGlobalSection
	GlobalSection(SolutionProperties) = preSolution
		HideSolutionNode = FALSE
	EndGlobalSection
EndGlobal
